
Microsoft Visual Studio Solution File, Format Version 12.00
# Visual Studio Version 17
VisualStudioVersion = 17.0.32126.317
MinimumVisualStudioVersion = 10.0.40219.1
Project("{8BC9CEB8-8B4A-11D0-8D11-00A0C91BC942}") = "PA4 (Fitness Application)", "PA4 (Fitness Application).vcxproj", "{DC2C305B-42D5-4E97-9888-1FA81E303E3D}"
EndProject
Global
	GlobalSection(SolutionConfigurationPlatforms) = preSolution
		Debug|x64 = Debug|x64
		Debug|x86 = Debug|x86
		Release|x64 = Release|x64
		Release|x86 = Release|x86
	EndGlobalSection
	GlobalSection(ProjectConfigurationPlatforms) = postSolution
		{DC2C305B-42D5-4E97-9888-1FA81E303E3D}.Debug|x64.ActiveCfg = Debug|x64
		{DC2C305B-42D5-4E97-9888-1FA81E303E3D}.Debug|x64.Build.0 = Debug|x64
		{DC2C305B-42D5-4E97-9888-1FA81E303E3D}.Debug|x86.ActiveCfg = Debug|Win32
		{DC2C305B-42D5-4E97-9888-1FA81E303E3D}.Debug|x86.Build.0 = Debug|Win32
		{DC2C305B-42D5-4E97-9888-1FA81E303E3D}.Release|x64.ActiveCfg = Release|x64
		{DC2C305B-42D5-4E97-9888-1FA81E303E3D}.Release|x64.Build.0 = Release|x64
		{DC2C305B-42D5-4E97-9888-1FA81E303E3D}.Release|x86.ActiveCfg = Release|Win32
		{DC2C305B-42D5-4E97-9888-1FA81E303E3D}.Release|x86.Build.0 = Release|Win32
	EndGlobalSection
	GlobalSection(SolutionProperties) = preSolution
		HideSolutionNode = FALSE
	EndGlobalSection
	GlobalSection(ExtensibilityGlobals) = postSolution
		SolutionGuid = {644D7151-B40B-429C-A6A2-4D6259EFC7BE}
	EndGlobalSection
EndGlobal
