
Microsoft Visual Studio Solution File, Format Version 12.00
# Visual Studio Version 17
VisualStudioVersion = 17.0.32112.339
MinimumVisualStudioVersion = 10.0.40219.1
Project("{8BC9CEB8-8B4A-11D0-8D11-00A0C91BC942}") = "FirstCPP", "FirstCPP.vcxproj", "{309495A4-B884-4BC4-94A8-038454F20156}"
EndProject
Global
	GlobalSection(SolutionConfigurationPlatforms) = preSolution
		Debug|x64 = Debug|x64
		Debug|x86 = Debug|x86
		Release|x64 = Release|x64
		Release|x86 = Release|x86
	EndGlobalSection
	GlobalSection(ProjectConfigurationPlatforms) = postSolution
		{309495A4-B884-4BC4-94A8-038454F20156}.Debug|x64.ActiveCfg = Debug|x64
		{309495A4-B884-4BC4-94A8-038454F20156}.Debug|x64.Build.0 = Debug|x64
		{309495A4-B884-4BC4-94A8-038454F20156}.Debug|x86.ActiveCfg = Debug|Win32
		{309495A4-B884-4BC4-94A8-038454F20156}.Debug|x86.Build.0 = Debug|Win32
		{309495A4-B884-4BC4-94A8-038454F20156}.Release|x64.ActiveCfg = Release|x64
		{309495A4-B884-4BC4-94A8-038454F20156}.Release|x64.Build.0 = Release|x64
		{309495A4-B884-4BC4-94A8-038454F20156}.Release|x86.ActiveCfg = Release|Win32
		{309495A4-B884-4BC4-94A8-038454F20156}.Release|x86.Build.0 = Release|Win32
	EndGlobalSection
	GlobalSection(SolutionProperties) = preSolution
		HideSolutionNode = FALSE
	EndGlobalSection
	GlobalSection(ExtensibilityGlobals) = postSolution
		SolutionGuid = {A747E6F3-D306-4A02-B811-FE1CD39738C9}
	EndGlobalSection
EndGlobal
